
Microsoft Visual Studio Solution File, Format Version 12.00
# Visual Studio Version 16
VisualStudioVersion = 16.0.31702.278
MinimumVisualStudioVersion = 10.0.40219.1
Project("{FAE04EC0-301F-11D3-BF4B-00C04F79EFBC}") = "View", "View.csproj", "{66F1D4BF-E6D2-4BFD-B4B5-34B6EA03A747}"
EndProject
Global
	GlobalSection(SolutionConfigurationPlatforms) = preSolution
		Debug|Any CPU = Debug|Any CPU
		Release|Any CPU = Release|Any CPU
	EndGlobalSection
	GlobalSection(ProjectConfigurationPlatforms) = postSolution
		{66F1D4BF-E6D2-4BFD-B4B5-34B6EA03A747}.Debug|Any CPU.ActiveCfg = Debug|Any CPU
		{66F1D4BF-E6D2-4BFD-B4B5-34B6EA03A747}.Debug|Any CPU.Build.0 = Debug|Any CPU
		{66F1D4BF-E6D2-4BFD-B4B5-34B6EA03A747}.Release|Any CPU.ActiveCfg = Release|Any CPU
		{66F1D4BF-E6D2-4BFD-B4B5-34B6EA03A747}.Release|Any CPU.Build.0 = Release|Any CPU
	EndGlobalSection
	GlobalSection(SolutionProperties) = preSolution
		HideSolutionNode = FALSE
	EndGlobalSection
	GlobalSection(ExtensibilityGlobals) = postSolution
		SolutionGuid = {36CDD74C-0F4E-4A90-AEDA-B8A1EA19A587}
	EndGlobalSection
EndGlobal
