
Microsoft Visual Studio Solution File, Format Version 12.00
# Visual Studio Version 16
VisualStudioVersion = 16.0.31702.278
MinimumVisualStudioVersion = 10.0.40219.1
Project("{FAE04EC0-301F-11D3-BF4B-00C04F79EFBC}") = "ObjectOrientedPractics", "ObjectOrientedPractics.csproj", "{BE500F89-3949-4467-B57E-AFE67242D186}"
EndProject
Global
	GlobalSection(SolutionConfigurationPlatforms) = preSolution
		Debug|Any CPU = Debug|Any CPU
		Release|Any CPU = Release|Any CPU
	EndGlobalSection
	GlobalSection(ProjectConfigurationPlatforms) = postSolution
		{BE500F89-3949-4467-B57E-AFE67242D186}.Debug|Any CPU.ActiveCfg = Debug|Any CPU
		{BE500F89-3949-4467-B57E-AFE67242D186}.Debug|Any CPU.Build.0 = Debug|Any CPU
		{BE500F89-3949-4467-B57E-AFE67242D186}.Release|Any CPU.ActiveCfg = Release|Any CPU
		{BE500F89-3949-4467-B57E-AFE67242D186}.Release|Any CPU.Build.0 = Release|Any CPU
	EndGlobalSection
	GlobalSection(SolutionProperties) = preSolution
		HideSolutionNode = FALSE
	EndGlobalSection
	GlobalSection(ExtensibilityGlobals) = postSolution
		SolutionGuid = {8634131C-49F8-481A-B6DC-33CA2C8D12E0}
	EndGlobalSection
EndGlobal
